
Microsoft Visual Studio Solution File, Format Version 12.00
# Visual Studio 15
Project("{FAE04EC0-301F-11D3-BF4B-00C04F79EFBC}") = "Assembly-CSharp", "Assembly-CSharp.csproj", "{30497BA4-7F19-0483-7D4F-337392E2BCE0}"
EndProject
Project("{FAE04EC0-301F-11D3-BF4B-00C04F79EFBC}") = "SteamVR", "SteamVR.csproj", "{EED615DE-927C-AFDD-BBAC-26294AFC0D80}"
EndProject
Project("{FAE04EC0-301F-11D3-BF4B-00C04F79EFBC}") = "SteamVR_Actions", "SteamVR_Actions.csproj", "{7DFD24ED-B529-6814-6ECC-C39830FDE6F8}"
EndProject
Project("{FAE04EC0-301F-11D3-BF4B-00C04F79EFBC}") = "SteamVR_Editor", "SteamVR_Editor.csproj", "{9841DF26-EBC1-C313-1FC9-E88E3E099B35}"
EndProject
Project("{FAE04EC0-301F-11D3-BF4B-00C04F79EFBC}") = "SteamVR_Input_Editor", "SteamVR_Input_Editor.csproj", "{21885F71-DCD2-07FC-CEB0-8974AD1AB0C2}"
EndProject
Project("{FAE04EC0-301F-11D3-BF4B-00C04F79EFBC}") = "SteamVR_Windows_EditorHelper", "SteamVR_Windows_EditorHelper.csproj", "{05BDFAE5-1E6C-5FD0-8A9C-F88E42B36CDD}"
EndProject
Global
	GlobalSection(SolutionConfigurationPlatforms) = preSolution
		Debug|Any CPU = Debug|Any CPU
		Release|Any CPU = Release|Any CPU
	EndGlobalSection
	GlobalSection(ProjectConfigurationPlatforms) = postSolution
		{30497BA4-7F19-0483-7D4F-337392E2BCE0}.Debug|Any CPU.ActiveCfg = Debug|Any CPU
		{30497BA4-7F19-0483-7D4F-337392E2BCE0}.Debug|Any CPU.Build.0 = Debug|Any CPU
		{30497BA4-7F19-0483-7D4F-337392E2BCE0}.Release|Any CPU.ActiveCfg = Release|Any CPU
		{30497BA4-7F19-0483-7D4F-337392E2BCE0}.Release|Any CPU.Build.0 = Release|Any CPU
		{EED615DE-927C-AFDD-BBAC-26294AFC0D80}.Debug|Any CPU.ActiveCfg = Debug|Any CPU
		{EED615DE-927C-AFDD-BBAC-26294AFC0D80}.Debug|Any CPU.Build.0 = Debug|Any CPU
		{EED615DE-927C-AFDD-BBAC-26294AFC0D80}.Release|Any CPU.ActiveCfg = Release|Any CPU
		{EED615DE-927C-AFDD-BBAC-26294AFC0D80}.Release|Any CPU.Build.0 = Release|Any CPU
		{7DFD24ED-B529-6814-6ECC-C39830FDE6F8}.Debug|Any CPU.ActiveCfg = Debug|Any CPU
		{7DFD24ED-B529-6814-6ECC-C39830FDE6F8}.Debug|Any CPU.Build.0 = Debug|Any CPU
		{7DFD24ED-B529-6814-6ECC-C39830FDE6F8}.Release|Any CPU.ActiveCfg = Release|Any CPU
		{7DFD24ED-B529-6814-6ECC-C39830FDE6F8}.Release|Any CPU.Build.0 = Release|Any CPU
		{9841DF26-EBC1-C313-1FC9-E88E3E099B35}.Debug|Any CPU.ActiveCfg = Debug|Any CPU
		{9841DF26-EBC1-C313-1FC9-E88E3E099B35}.Debug|Any CPU.Build.0 = Debug|Any CPU
		{9841DF26-EBC1-C313-1FC9-E88E3E099B35}.Release|Any CPU.ActiveCfg = Release|Any CPU
		{9841DF26-EBC1-C313-1FC9-E88E3E099B35}.Release|Any CPU.Build.0 = Release|Any CPU
		{21885F71-DCD2-07FC-CEB0-8974AD1AB0C2}.Debug|Any CPU.ActiveCfg = Debug|Any CPU
		{21885F71-DCD2-07FC-CEB0-8974AD1AB0C2}.Debug|Any CPU.Build.0 = Debug|Any CPU
		{21885F71-DCD2-07FC-CEB0-8974AD1AB0C2}.Release|Any CPU.ActiveCfg = Release|Any CPU
		{21885F71-DCD2-07FC-CEB0-8974AD1AB0C2}.Release|Any CPU.Build.0 = Release|Any CPU
		{05BDFAE5-1E6C-5FD0-8A9C-F88E42B36CDD}.Debug|Any CPU.ActiveCfg = Debug|Any CPU
		{05BDFAE5-1E6C-5FD0-8A9C-F88E42B36CDD}.Debug|Any CPU.Build.0 = Debug|Any CPU
		{05BDFAE5-1E6C-5FD0-8A9C-F88E42B36CDD}.Release|Any CPU.ActiveCfg = Release|Any CPU
		{05BDFAE5-1E6C-5FD0-8A9C-F88E42B36CDD}.Release|Any CPU.Build.0 = Release|Any CPU
	EndGlobalSection
	GlobalSection(SolutionProperties) = preSolution
		HideSolutionNode = FALSE
	EndGlobalSection
EndGlobal
